
Microsoft Visual Studio Solution File, Format Version 12.00
# Visual Studio Version 17
VisualStudioVersion = 17.7.34221.43
MinimumVisualStudioVersion = 10.0.40219.1
Project("{888888A0-9F3D-457C-B088-3A5042F75D52}") = "housing_prediction", "housing_prediction\housing_prediction.pyproj", "{CF7B4237-2231-47A9-9F91-9DAD3417592A}"
EndProject
Global
	GlobalSection(SolutionConfigurationPlatforms) = preSolution
		Debug|Any CPU = Debug|Any CPU
		Release|Any CPU = Release|Any CPU
	EndGlobalSection
	GlobalSection(ProjectConfigurationPlatforms) = postSolution
		{CF7B4237-2231-47A9-9F91-9DAD3417592A}.Debug|Any CPU.ActiveCfg = Debug|Any CPU
		{CF7B4237-2231-47A9-9F91-9DAD3417592A}.Release|Any CPU.ActiveCfg = Release|Any CPU
	EndGlobalSection
	GlobalSection(SolutionProperties) = preSolution
		HideSolutionNode = FALSE
	EndGlobalSection
	GlobalSection(ExtensibilityGlobals) = postSolution
		SolutionGuid = {827E13CB-AC7D-4B0B-9264-DFB9269BE284}
	EndGlobalSection
EndGlobal
